// !$*UTF8*$!
{
	archiveVersion = 1;
	classes = {
	};
	objectVersion = 77;
	objects = {

/* Begin PBXBuildFile section */
		C30636822DCD312200C378B2 /* PresentationError.swift in Sources */ = {isa = PBXBuildFile; fileRef = C30636812DCD311C00C378B2 /* PresentationError.swift */; };
		C30636842DCD316A00C378B2 /* GetSessionUseCase.swift in Sources */ = {isa = PBXBuildFile; fileRef = C30636832DCD316500C378B2 /* GetSessionUseCase.swift */; };
		C30636862DCD3CD300C378B2 /* ClearSessionUseCase.swift in Sources */ = {isa = PBXBuildFile; fileRef = C30636852DCD3CCD00C378B2 /* ClearSessionUseCase.swift */; };
		C30636882DCD3F0F00C378B2 /* GetHerosURLRequest.swift in Sources */ = {isa = PBXBuildFile; fileRef = C30636872DCD3F0700C378B2 /* GetHerosURLRequest.swift */; };
		C306368B2DCD3F4700C378B2 /* HeroDTO.swift in Sources */ = {isa = PBXBuildFile; fileRef = C306368A2DCD3F4300C378B2 /* HeroDTO.swift */; };
		C306368D2DCD406D00C378B2 /* URLRequestInterceptor.swift in Sources */ = {isa = PBXBuildFile; fileRef = C306368C2DCD405F00C378B2 /* URLRequestInterceptor.swift */; };
		C306368F2DCD6EB700C378B2 /* GetHerosUseCase.swift in Sources */ = {isa = PBXBuildFile; fileRef = C306368E2DCD6EB000C378B2 /* GetHerosUseCase.swift */; };
		C30636922DCD6FE700C378B2 /* Hero.swift in Sources */ = {isa = PBXBuildFile; fileRef = C30636912DCD6FE500C378B2 /* Hero.swift */; };
		C30636942DCD704300C378B2 /* HerosRepository.swift in Sources */ = {isa = PBXBuildFile; fileRef = C30636932DCD703E00C378B2 /* HerosRepository.swift */; };
		C30636972DCD714100C378B2 /* HeroDTOToDomainMapper.swift in Sources */ = {isa = PBXBuildFile; fileRef = C30636962DCD713500C378B2 /* HeroDTOToDomainMapper.swift */; };
		C306369D2DCD744500C378B2 /* HerosController.swift in Sources */ = {isa = PBXBuildFile; fileRef = C306369B2DCD744500C378B2 /* HerosController.swift */; };
		C306369E2DCD744500C378B2 /* HerosView.xib in Resources */ = {isa = PBXBuildFile; fileRef = C306369C2DCD744500C378B2 /* HerosView.xib */; };
		C30636A02DCD747600C378B2 /* HerosViewModel.swift in Sources */ = {isa = PBXBuildFile; fileRef = C306369F2DCD747200C378B2 /* HerosViewModel.swift */; };
		C30636A22DCD747E00C378B2 /* HerosBuilder.swift in Sources */ = {isa = PBXBuildFile; fileRef = C30636A12DCD747B00C378B2 /* HerosBuilder.swift */; };
		C30636A62DCD7D7500C378B2 /* HeroViewCell.swift in Sources */ = {isa = PBXBuildFile; fileRef = C30636A42DCD7D7500C378B2 /* HeroViewCell.swift */; };
		C30636A72DCD7D7500C378B2 /* HeroViewCell.xib in Resources */ = {isa = PBXBuildFile; fileRef = C30636A52DCD7D7500C378B2 /* HeroViewCell.xib */; };
		C30636A92DCDC56B00C378B2 /* UIImageView+Remote.swift in Sources */ = {isa = PBXBuildFile; fileRef = C30636A82DCDC55B00C378B2 /* UIImageView+Remote.swift */; };
		C30636AC2DCEC90900C378B2 /* HeroController.swift in Sources */ = {isa = PBXBuildFile; fileRef = C30636AA2DCEC90900C378B2 /* HeroController.swift */; };
		C30636AD2DCEC90900C378B2 /* HeroView.xib in Resources */ = {isa = PBXBuildFile; fileRef = C30636AB2DCEC90900C378B2 /* HeroView.xib */; };
		C30636B02DCECA0100C378B2 /* HeroViewModel.swift in Sources */ = {isa = PBXBuildFile; fileRef = C30636AF2DCEC9FD00C378B2 /* HeroViewModel.swift */; };
		C30636B22DCECA0E00C378B2 /* HeroBuilder.swift in Sources */ = {isa = PBXBuildFile; fileRef = C30636B12DCECA0B00C378B2 /* HeroBuilder.swift */; };
		C31ABA9C2DC9769A00D103ED /* SplashController.swift in Sources */ = {isa = PBXBuildFile; fileRef = C31ABA9A2DC9769A00D103ED /* SplashController.swift */; };
		C31ABA9D2DC9769A00D103ED /* SplashView.xib in Resources */ = {isa = PBXBuildFile; fileRef = C31ABA9B2DC9769A00D103ED /* SplashView.xib */; };
		C31ABA9F2DC976DE00D103ED /* SplashViewModel.swift in Sources */ = {isa = PBXBuildFile; fileRef = C31ABA9E2DC976D700D103ED /* SplashViewModel.swift */; };
		C31ABAA12DC97ADB00D103ED /* SplashBuilder.swift in Sources */ = {isa = PBXBuildFile; fileRef = C31ABAA02DC97AD700D103ED /* SplashBuilder.swift */; };
		C31ABAB62DCA840D00D103ED /* LoginController.swift in Sources */ = {isa = PBXBuildFile; fileRef = C31ABAB42DCA840D00D103ED /* LoginController.swift */; };
		C31ABAB72DCA840D00D103ED /* LoginView.xib in Resources */ = {isa = PBXBuildFile; fileRef = C31ABAB52DCA840D00D103ED /* LoginView.xib */; };
		C31ABAB92DCA845000D103ED /* LoginViewModel.swift in Sources */ = {isa = PBXBuildFile; fileRef = C31ABAB82DCA844B00D103ED /* LoginViewModel.swift */; };
		C31ABABB2DCA845B00D103ED /* LoginBuilder.swift in Sources */ = {isa = PBXBuildFile; fileRef = C31ABABA2DCA845700D103ED /* LoginBuilder.swift */; };
		C31ABABF2DCA861500D103ED /* AuthDataSource.swift in Sources */ = {isa = PBXBuildFile; fileRef = C31ABABE2DCA860300D103ED /* AuthDataSource.swift */; };
		C31ABBB32DCADA8900D103ED /* RegexLint.swift in Sources */ = {isa = PBXBuildFile; fileRef = C31ABBB22DCADA8400D103ED /* RegexLint.swift */; };
		C31ABCB82DCBF22700D103ED /* APISession.swift in Sources */ = {isa = PBXBuildFile; fileRef = C31ABCB72DCBF21F00D103ED /* APISession.swift */; };
		C31ABCBB2DCBF3A700D103ED /* URLRequestBuilder.swift in Sources */ = {isa = PBXBuildFile; fileRef = C31ABCBA2DCBF3A000D103ED /* URLRequestBuilder.swift */; };
		C31ABCBD2DCBF3F000D103ED /* APIError.swift in Sources */ = {isa = PBXBuildFile; fileRef = C31ABCBC2DCBF3ED00D103ED /* APIError.swift */; };
		C31ABCBF2DCBF52000D103ED /* URLRequestComponents.swift in Sources */ = {isa = PBXBuildFile; fileRef = C31ABCBE2DCBF51800D103ED /* URLRequestComponents.swift */; };
		C31ABCC12DCBF69A00D103ED /* HTTPMethod.swift in Sources */ = {isa = PBXBuildFile; fileRef = C31ABCC02DCBF69600D103ED /* HTTPMethod.swift */; };
		C31ABCC42DCC19DD00D103ED /* LoginURLRequest.swift in Sources */ = {isa = PBXBuildFile; fileRef = C31ABCC32DCC19C700D103ED /* LoginURLRequest.swift */; };
		C31ABCC92DCC1BD200D103ED /* AuthRepositoryProtocol.swift in Sources */ = {isa = PBXBuildFile; fileRef = C31ABCC82DCC1BCC00D103ED /* AuthRepositoryProtocol.swift */; };
		C31ABCCB2DCC21B400D103ED /* LoginUseCase.swift in Sources */ = {isa = PBXBuildFile; fileRef = C31ABCCA2DCC21B000D103ED /* LoginUseCase.swift */; };
		C31ABCCD2DCC666200D103ED /* AlertBuilder.swift in Sources */ = {isa = PBXBuildFile; fileRef = C31ABCCC2DCC665E00D103ED /* AlertBuilder.swift */; };
		C3276EDC2DCED2D600FD2578 /* GetHeroUseCase.swift in Sources */ = {isa = PBXBuildFile; fileRef = C3276EDB2DCED2D000FD2578 /* GetHeroUseCase.swift */; };
		C33DA2C22DC340650017E91F /* Assets.xcassets in Resources */ = {isa = PBXBuildFile; fileRef = C33DA2BC2DC340650017E91F /* Assets.xcassets */; };
		C33DA2C42DC340650017E91F /* LaunchScreen.storyboard in Resources */ = {isa = PBXBuildFile; fileRef = C33DA2BF2DC340650017E91F /* LaunchScreen.storyboard */; };
		C33DA2C52DC340650017E91F /* AppDelegate.swift in Sources */ = {isa = PBXBuildFile; fileRef = C33DA2BB2DC340650017E91F /* AppDelegate.swift */; };
		C33DA2C62DC340650017E91F /* SceneDelegate.swift in Sources */ = {isa = PBXBuildFile; fileRef = C33DA2C02DC340650017E91F /* SceneDelegate.swift */; };
		C33DA2CA2DC3412A0017E91F /* CombineCocoa in Frameworks */ = {isa = PBXBuildFile; productRef = C33DA2C92DC3412A0017E91F /* CombineCocoa */; };
		C33DA2D62DC3415C0017E91F /* KeychainSwift in Frameworks */ = {isa = PBXBuildFile; productRef = C33DA2D52DC3415C0017E91F /* KeychainSwift */; };
		C33DA2D92DC341DE0017E91F /* DBAsynchronousiOSTests.swift in Sources */ = {isa = PBXBuildFile; fileRef = C33DA2D72DC341DE0017E91F /* DBAsynchronousiOSTests.swift */; };
		C3E19F1B2DD2C92E00D7D9A6 /* AppState.swift in Sources */ = {isa = PBXBuildFile; fileRef = C3E19F1A2DD2C92800D7D9A6 /* AppState.swift */; };
		C3E19F1D2DD2FF4100D7D9A6 /* GetTransformationsURLRequest.swift in Sources */ = {isa = PBXBuildFile; fileRef = C3E19F1C2DD2FF3700D7D9A6 /* GetTransformationsURLRequest.swift */; };
		C3E19F1F2DD2FFAA00D7D9A6 /* TransformationDTO.swift in Sources */ = {isa = PBXBuildFile; fileRef = C3E19F1E2DD2FFA500D7D9A6 /* TransformationDTO.swift */; };
		C3E1A0132DD3006100D7D9A6 /* Transformation.swift in Sources */ = {isa = PBXBuildFile; fileRef = C3E1A0122DD3005D00D7D9A6 /* Transformation.swift */; };
		C3E1A0152DD3015200D7D9A6 /* TransformationDTOToDomainMapper.swift in Sources */ = {isa = PBXBuildFile; fileRef = C3E1A0142DD3014800D7D9A6 /* TransformationDTOToDomainMapper.swift */; };
		C3F598DB2DD84F63007BB98A /* GetTransformationsUseCase.swift in Sources */ = {isa = PBXBuildFile; fileRef = C3F598DA2DD84F5A007BB98A /* GetTransformationsUseCase.swift */; };
		C3F598E02DD855FB007BB98A /* TransformationViewCell.xib in Resources */ = {isa = PBXBuildFile; fileRef = C3F598DF2DD855FB007BB98A /* TransformationViewCell.xib */; };
		C3F598E12DD855FB007BB98A /* TransformationViewCell.swift in Sources */ = {isa = PBXBuildFile; fileRef = C3F598DE2DD855FB007BB98A /* TransformationViewCell.swift */; };
/* End PBXBuildFile section */

/* Begin PBXContainerItemProxy section */
		C33DA29E2DC33E230017E91F /* PBXContainerItemProxy */ = {
			isa = PBXContainerItemProxy;
			containerPortal = C33DA27F2DC33E220017E91F /* Project object */;
			proxyType = 1;
			remoteGlobalIDString = C33DA2862DC33E220017E91F;
			remoteInfo = DBAsynchronousiOS;
		};
		C33DA2A82DC33E230017E91F /* PBXContainerItemProxy */ = {
			isa = PBXContainerItemProxy;
			containerPortal = C33DA27F2DC33E220017E91F /* Project object */;
			proxyType = 1;
			remoteGlobalIDString = C33DA2862DC33E220017E91F;
			remoteInfo = DBAsynchronousiOS;
		};
/* End PBXContainerItemProxy section */

/* Begin PBXFileReference section */
		C30636812DCD311C00C378B2 /* PresentationError.swift */ = {isa = PBXFileReference; lastKnownFileType = sourcecode.swift; path = PresentationError.swift; sourceTree = "<group>"; };
		C30636832DCD316500C378B2 /* GetSessionUseCase.swift */ = {isa = PBXFileReference; lastKnownFileType = sourcecode.swift; path = GetSessionUseCase.swift; sourceTree = "<group>"; };
		C30636852DCD3CCD00C378B2 /* ClearSessionUseCase.swift */ = {isa = PBXFileReference; lastKnownFileType = sourcecode.swift; path = ClearSessionUseCase.swift; sourceTree = "<group>"; };
		C30636872DCD3F0700C378B2 /* GetHerosURLRequest.swift */ = {isa = PBXFileReference; lastKnownFileType = sourcecode.swift; path = GetHerosURLRequest.swift; sourceTree = "<group>"; };
		C306368A2DCD3F4300C378B2 /* HeroDTO.swift */ = {isa = PBXFileReference; lastKnownFileType = sourcecode.swift; path = HeroDTO.swift; sourceTree = "<group>"; };
		C306368C2DCD405F00C378B2 /* URLRequestInterceptor.swift */ = {isa = PBXFileReference; lastKnownFileType = sourcecode.swift; path = URLRequestInterceptor.swift; sourceTree = "<group>"; };
		C306368E2DCD6EB000C378B2 /* GetHerosUseCase.swift */ = {isa = PBXFileReference; lastKnownFileType = sourcecode.swift; path = GetHerosUseCase.swift; sourceTree = "<group>"; };
		C30636912DCD6FE500C378B2 /* Hero.swift */ = {isa = PBXFileReference; lastKnownFileType = sourcecode.swift; path = Hero.swift; sourceTree = "<group>"; };
		C30636932DCD703E00C378B2 /* HerosRepository.swift */ = {isa = PBXFileReference; lastKnownFileType = sourcecode.swift; path = HerosRepository.swift; sourceTree = "<group>"; };
		C30636962DCD713500C378B2 /* HeroDTOToDomainMapper.swift */ = {isa = PBXFileReference; lastKnownFileType = sourcecode.swift; path = HeroDTOToDomainMapper.swift; sourceTree = "<group>"; };
		C306369B2DCD744500C378B2 /* HerosController.swift */ = {isa = PBXFileReference; lastKnownFileType = sourcecode.swift; path = HerosController.swift; sourceTree = "<group>"; };
		C306369C2DCD744500C378B2 /* HerosView.xib */ = {isa = PBXFileReference; lastKnownFileType = file.xib; path = HerosView.xib; sourceTree = "<group>"; };
		C306369F2DCD747200C378B2 /* HerosViewModel.swift */ = {isa = PBXFileReference; lastKnownFileType = sourcecode.swift; path = HerosViewModel.swift; sourceTree = "<group>"; };
		C30636A12DCD747B00C378B2 /* HerosBuilder.swift */ = {isa = PBXFileReference; lastKnownFileType = sourcecode.swift; path = HerosBuilder.swift; sourceTree = "<group>"; };
		C30636A42DCD7D7500C378B2 /* HeroViewCell.swift */ = {isa = PBXFileReference; lastKnownFileType = sourcecode.swift; path = HeroViewCell.swift; sourceTree = "<group>"; };
		C30636A52DCD7D7500C378B2 /* HeroViewCell.xib */ = {isa = PBXFileReference; lastKnownFileType = file.xib; path = HeroViewCell.xib; sourceTree = "<group>"; };
		C30636A82DCDC55B00C378B2 /* UIImageView+Remote.swift */ = {isa = PBXFileReference; lastKnownFileType = sourcecode.swift; path = "UIImageView+Remote.swift"; sourceTree = "<group>"; };
		C30636AA2DCEC90900C378B2 /* HeroController.swift */ = {isa = PBXFileReference; lastKnownFileType = sourcecode.swift; path = HeroController.swift; sourceTree = "<group>"; };
		C30636AB2DCEC90900C378B2 /* HeroView.xib */ = {isa = PBXFileReference; lastKnownFileType = file.xib; path = HeroView.xib; sourceTree = "<group>"; };
		C30636AF2DCEC9FD00C378B2 /* HeroViewModel.swift */ = {isa = PBXFileReference; lastKnownFileType = sourcecode.swift; path = HeroViewModel.swift; sourceTree = "<group>"; };
		C30636B12DCECA0B00C378B2 /* HeroBuilder.swift */ = {isa = PBXFileReference; lastKnownFileType = sourcecode.swift; path = HeroBuilder.swift; sourceTree = "<group>"; };
		C31ABA9A2DC9769A00D103ED /* SplashController.swift */ = {isa = PBXFileReference; lastKnownFileType = sourcecode.swift; path = SplashController.swift; sourceTree = "<group>"; };
		C31ABA9B2DC9769A00D103ED /* SplashView.xib */ = {isa = PBXFileReference; lastKnownFileType = file.xib; path = SplashView.xib; sourceTree = "<group>"; };
		C31ABA9E2DC976D700D103ED /* SplashViewModel.swift */ = {isa = PBXFileReference; lastKnownFileType = sourcecode.swift; path = SplashViewModel.swift; sourceTree = "<group>"; };
		C31ABAA02DC97AD700D103ED /* SplashBuilder.swift */ = {isa = PBXFileReference; lastKnownFileType = sourcecode.swift; path = SplashBuilder.swift; sourceTree = "<group>"; };
		C31ABAB42DCA840D00D103ED /* LoginController.swift */ = {isa = PBXFileReference; lastKnownFileType = sourcecode.swift; path = LoginController.swift; sourceTree = "<group>"; };
		C31ABAB52DCA840D00D103ED /* LoginView.xib */ = {isa = PBXFileReference; lastKnownFileType = file.xib; path = LoginView.xib; sourceTree = "<group>"; };
		C31ABAB82DCA844B00D103ED /* LoginViewModel.swift */ = {isa = PBXFileReference; lastKnownFileType = sourcecode.swift; path = LoginViewModel.swift; sourceTree = "<group>"; };
		C31ABABA2DCA845700D103ED /* LoginBuilder.swift */ = {isa = PBXFileReference; lastKnownFileType = sourcecode.swift; path = LoginBuilder.swift; sourceTree = "<group>"; };
		C31ABABE2DCA860300D103ED /* AuthDataSource.swift */ = {isa = PBXFileReference; lastKnownFileType = sourcecode.swift; path = AuthDataSource.swift; sourceTree = "<group>"; };
		C31ABBB22DCADA8400D103ED /* RegexLint.swift */ = {isa = PBXFileReference; lastKnownFileType = sourcecode.swift; path = RegexLint.swift; sourceTree = "<group>"; };
		C31ABCB72DCBF21F00D103ED /* APISession.swift */ = {isa = PBXFileReference; lastKnownFileType = sourcecode.swift; path = APISession.swift; sourceTree = "<group>"; };
		C31ABCBA2DCBF3A000D103ED /* URLRequestBuilder.swift */ = {isa = PBXFileReference; lastKnownFileType = sourcecode.swift; path = URLRequestBuilder.swift; sourceTree = "<group>"; };
		C31ABCBC2DCBF3ED00D103ED /* APIError.swift */ = {isa = PBXFileReference; lastKnownFileType = sourcecode.swift; path = APIError.swift; sourceTree = "<group>"; };
		C31ABCBE2DCBF51800D103ED /* URLRequestComponents.swift */ = {isa = PBXFileReference; lastKnownFileType = sourcecode.swift; path = URLRequestComponents.swift; sourceTree = "<group>"; };
		C31ABCC02DCBF69600D103ED /* HTTPMethod.swift */ = {isa = PBXFileReference; lastKnownFileType = sourcecode.swift; path = HTTPMethod.swift; sourceTree = "<group>"; };
		C31ABCC32DCC19C700D103ED /* LoginURLRequest.swift */ = {isa = PBXFileReference; lastKnownFileType = sourcecode.swift; path = LoginURLRequest.swift; sourceTree = "<group>"; };
		C31ABCC82DCC1BCC00D103ED /* AuthRepositoryProtocol.swift */ = {isa = PBXFileReference; lastKnownFileType = sourcecode.swift; path = AuthRepositoryProtocol.swift; sourceTree = "<group>"; };
		C31ABCCA2DCC21B000D103ED /* LoginUseCase.swift */ = {isa = PBXFileReference; lastKnownFileType = sourcecode.swift; path = LoginUseCase.swift; sourceTree = "<group>"; };
		C31ABCCC2DCC665E00D103ED /* AlertBuilder.swift */ = {isa = PBXFileReference; lastKnownFileType = sourcecode.swift; path = AlertBuilder.swift; sourceTree = "<group>"; };
		C3276EDB2DCED2D000FD2578 /* GetHeroUseCase.swift */ = {isa = PBXFileReference; lastKnownFileType = sourcecode.swift; path = GetHeroUseCase.swift; sourceTree = "<group>"; };
		C33DA2872DC33E220017E91F /* DBAsynchronousiOS.app */ = {isa = PBXFileReference; explicitFileType = wrapper.application; includeInIndex = 0; path = DBAsynchronousiOS.app; sourceTree = BUILT_PRODUCTS_DIR; };
		C33DA29D2DC33E230017E91F /* DBAsynchronousiOSTests.xctest */ = {isa = PBXFileReference; explicitFileType = wrapper.cfbundle; includeInIndex = 0; path = DBAsynchronousiOSTests.xctest; sourceTree = BUILT_PRODUCTS_DIR; };
		C33DA2A72DC33E230017E91F /* DBAsynchronousiOSUITests.xctest */ = {isa = PBXFileReference; explicitFileType = wrapper.cfbundle; includeInIndex = 0; path = DBAsynchronousiOSUITests.xctest; sourceTree = BUILT_PRODUCTS_DIR; };
		C33DA2BB2DC340650017E91F /* AppDelegate.swift */ = {isa = PBXFileReference; lastKnownFileType = sourcecode.swift; path = AppDelegate.swift; sourceTree = "<group>"; };
		C33DA2BC2DC340650017E91F /* Assets.xcassets */ = {isa = PBXFileReference; lastKnownFileType = folder.assetcatalog; path = Assets.xcassets; sourceTree = "<group>"; };
		C33DA2BD2DC340650017E91F /* Info.plist */ = {isa = PBXFileReference; lastKnownFileType = text.plist.xml; path = Info.plist; sourceTree = "<group>"; };
		C33DA2BE2DC340650017E91F /* Base */ = {isa = PBXFileReference; lastKnownFileType = file.storyboard; name = Base; path = Base.lproj/LaunchScreen.storyboard; sourceTree = "<group>"; };
		C33DA2C02DC340650017E91F /* SceneDelegate.swift */ = {isa = PBXFileReference; lastKnownFileType = sourcecode.swift; path = SceneDelegate.swift; sourceTree = "<group>"; };
		C33DA2D72DC341DE0017E91F /* DBAsynchronousiOSTests.swift */ = {isa = PBXFileReference; lastKnownFileType = sourcecode.swift; path = DBAsynchronousiOSTests.swift; sourceTree = "<group>"; };
		C3E19F1A2DD2C92800D7D9A6 /* AppState.swift */ = {isa = PBXFileReference; lastKnownFileType = sourcecode.swift; path = AppState.swift; sourceTree = "<group>"; };
		C3E19F1C2DD2FF3700D7D9A6 /* GetTransformationsURLRequest.swift */ = {isa = PBXFileReference; lastKnownFileType = sourcecode.swift; path = GetTransformationsURLRequest.swift; sourceTree = "<group>"; };
		C3E19F1E2DD2FFA500D7D9A6 /* TransformationDTO.swift */ = {isa = PBXFileReference; lastKnownFileType = sourcecode.swift; path = TransformationDTO.swift; sourceTree = "<group>"; };
		C3E1A0122DD3005D00D7D9A6 /* Transformation.swift */ = {isa = PBXFileReference; lastKnownFileType = sourcecode.swift; path = Transformation.swift; sourceTree = "<group>"; };
		C3E1A0142DD3014800D7D9A6 /* TransformationDTOToDomainMapper.swift */ = {isa = PBXFileReference; lastKnownFileType = sourcecode.swift; path = TransformationDTOToDomainMapper.swift; sourceTree = "<group>"; };
		C3F598DA2DD84F5A007BB98A /* GetTransformationsUseCase.swift */ = {isa = PBXFileReference; lastKnownFileType = sourcecode.swift; path = GetTransformationsUseCase.swift; sourceTree = "<group>"; };
		C3F598DE2DD855FB007BB98A /* TransformationViewCell.swift */ = {isa = PBXFileReference; lastKnownFileType = sourcecode.swift; path = TransformationViewCell.swift; sourceTree = "<group>"; };
		C3F598DF2DD855FB007BB98A /* TransformationViewCell.xib */ = {isa = PBXFileReference; lastKnownFileType = file.xib; path = TransformationViewCell.xib; sourceTree = "<group>"; };
/* End PBXFileReference section */

/* Begin PBXFrameworksBuildPhase section */
		C33DA2842DC33E220017E91F /* Frameworks */ = {
			isa = PBXFrameworksBuildPhase;
			buildActionMask = 2147483647;
			files = (
				C33DA2D62DC3415C0017E91F /* KeychainSwift in Frameworks */,
				C33DA2CA2DC3412A0017E91F /* CombineCocoa in Frameworks */,
			);
			runOnlyForDeploymentPostprocessing = 0;
		};
		C33DA29A2DC33E230017E91F /* Frameworks */ = {
			isa = PBXFrameworksBuildPhase;
			buildActionMask = 2147483647;
			files = (
			);
			runOnlyForDeploymentPostprocessing = 0;
		};
		C33DA2A42DC33E230017E91F /* Frameworks */ = {
			isa = PBXFrameworksBuildPhase;
			buildActionMask = 2147483647;
			files = (
			);
			runOnlyForDeploymentPostprocessing = 0;
		};
/* End PBXFrameworksBuildPhase section */

/* Begin PBXGroup section */
		C30636892DCD3F3A00C378B2 /* Models */ = {
			isa = PBXGroup;
			children = (
				C3E19F1E2DD2FFA500D7D9A6 /* TransformationDTO.swift */,
				C306368A2DCD3F4300C378B2 /* HeroDTO.swift */,
			);
			path = Models;
			sourceTree = "<group>";
		};
		C30636902DCD6FE000C378B2 /* Models */ = {
			isa = PBXGroup;
			children = (
				C3E1A0122DD3005D00D7D9A6 /* Transformation.swift */,
				C30636912DCD6FE500C378B2 /* Hero.swift */,
			);
			path = Models;
			sourceTree = "<group>";
		};
		C30636952DCD713100C378B2 /* Mappers */ = {
			isa = PBXGroup;
			children = (
				C3E1A0142DD3014800D7D9A6 /* TransformationDTOToDomainMapper.swift */,
				C30636962DCD713500C378B2 /* HeroDTOToDomainMapper.swift */,
			);
			path = Mappers;
			sourceTree = "<group>";
		};
		C30636982DCD741C00C378B2 /* Heros */ = {
			isa = PBXGroup;
			children = (
				C30636AE2DCEC9C400C378B2 /* Detail */,
				C30636A32DCD7D5300C378B2 /* Cell */,
				C30636A12DCD747B00C378B2 /* HerosBuilder.swift */,
				C306369F2DCD747200C378B2 /* HerosViewModel.swift */,
				C306369B2DCD744500C378B2 /* HerosController.swift */,
				C306369C2DCD744500C378B2 /* HerosView.xib */,
			);
			path = Heros;
			sourceTree = "<group>";
		};
		C30636A32DCD7D5300C378B2 /* Cell */ = {
			isa = PBXGroup;
			children = (
				C30636A42DCD7D7500C378B2 /* HeroViewCell.swift */,
				C30636A52DCD7D7500C378B2 /* HeroViewCell.xib */,
				C3F598DE2DD855FB007BB98A /* TransformationViewCell.swift */,
				C3F598DF2DD855FB007BB98A /* TransformationViewCell.xib */,
			);
			path = Cell;
			sourceTree = "<group>";
		};
		C30636AE2DCEC9C400C378B2 /* Detail */ = {
			isa = PBXGroup;
			children = (
				C30636B12DCECA0B00C378B2 /* HeroBuilder.swift */,
				C30636AF2DCEC9FD00C378B2 /* HeroViewModel.swift */,
				C30636AA2DCEC90900C378B2 /* HeroController.swift */,
				C30636AB2DCEC90900C378B2 /* HeroView.xib */,
			);
			path = Detail;
			sourceTree = "<group>";
		};
		C31ABAB22DCA83B600D103ED /* Splash */ = {
			isa = PBXGroup;
			children = (
				C31ABAA02DC97AD700D103ED /* SplashBuilder.swift */,
				C31ABA9E2DC976D700D103ED /* SplashViewModel.swift */,
				C31ABA9A2DC9769A00D103ED /* SplashController.swift */,
				C31ABA9B2DC9769A00D103ED /* SplashView.xib */,
			);
			path = Splash;
			sourceTree = "<group>";
		};
		C31ABAB32DCA83F000D103ED /* Login */ = {
			isa = PBXGroup;
			children = (
				C31ABABA2DCA845700D103ED /* LoginBuilder.swift */,
				C31ABAB82DCA844B00D103ED /* LoginViewModel.swift */,
				C31ABAB42DCA840D00D103ED /* LoginController.swift */,
				C31ABAB52DCA840D00D103ED /* LoginView.xib */,
			);
			path = Login;
			sourceTree = "<group>";
		};
		C31ABABC2DCA85C100D103ED /* Repositories */ = {
			isa = PBXGroup;
			children = (
				C30636932DCD703E00C378B2 /* HerosRepository.swift */,
				C31ABCC82DCC1BCC00D103ED /* AuthRepositoryProtocol.swift */,
			);
			path = Repositories;
			sourceTree = "<group>";
		};
		C31ABABD2DCA85FA00D103ED /* DataSources */ = {
			isa = PBXGroup;
			children = (
				C31ABABE2DCA860300D103ED /* AuthDataSource.swift */,
			);
			path = DataSources;
			sourceTree = "<group>";
		};
		C31ABCB62DCBF21200D103ED /* Infraestructure */ = {
			isa = PBXGroup;
			children = (
				C31ABCB92DCBF24100D103ED /* Networking */,
			);
			path = Infraestructure;
			sourceTree = "<group>";
		};
		C31ABCB92DCBF24100D103ED /* Networking */ = {
			isa = PBXGroup;
			children = (
				C306368C2DCD405F00C378B2 /* URLRequestInterceptor.swift */,
				C31ABCC02DCBF69600D103ED /* HTTPMethod.swift */,
				C31ABCBE2DCBF51800D103ED /* URLRequestComponents.swift */,
				C31ABCBC2DCBF3ED00D103ED /* APIError.swift */,
				C31ABCBA2DCBF3A000D103ED /* URLRequestBuilder.swift */,
				C31ABCB72DCBF21F00D103ED /* APISession.swift */,
				C31ABCC72DCC1B8400D103ED /* API */,
			);
			path = Networking;
			sourceTree = "<group>";
		};
		C31ABCC22DCC19BD00D103ED /* Requests */ = {
			isa = PBXGroup;
			children = (
				C3E19F1C2DD2FF3700D7D9A6 /* GetTransformationsURLRequest.swift */,
				C30636872DCD3F0700C378B2 /* GetHerosURLRequest.swift */,
				C31ABCC32DCC19C700D103ED /* LoginURLRequest.swift */,
			);
			path = Requests;
			sourceTree = "<group>";
		};
		C31ABCC52DCC1B4F00D103ED /* Domain */ = {
			isa = PBXGroup;
			children = (
				C30636902DCD6FE000C378B2 /* Models */,
				C3F598DA2DD84F5A007BB98A /* GetTransformationsUseCase.swift */,
				C3276EDB2DCED2D000FD2578 /* GetHeroUseCase.swift */,
				C306368E2DCD6EB000C378B2 /* GetHerosUseCase.swift */,
				C30636852DCD3CCD00C378B2 /* ClearSessionUseCase.swift */,
				C30636832DCD316500C378B2 /* GetSessionUseCase.swift */,
				C31ABCCA2DCC21B000D103ED /* LoginUseCase.swift */,
			);
			path = Domain;
			sourceTree = "<group>";
		};
		C31ABCC62DCC1B5A00D103ED /* Data */ = {
			isa = PBXGroup;
			children = (
				C30636952DCD713100C378B2 /* Mappers */,
				C30636892DCD3F3A00C378B2 /* Models */,
				C31ABABD2DCA85FA00D103ED /* DataSources */,
				C31ABABC2DCA85C100D103ED /* Repositories */,
			);
			path = Data;
			sourceTree = "<group>";
		};
		C31ABCC72DCC1B8400D103ED /* API */ = {
			isa = PBXGroup;
			children = (
				C31ABCC22DCC19BD00D103ED /* Requests */,
			);
			path = API;
			sourceTree = "<group>";
		};
		C33DA27E2DC33E220017E91F = {
			isa = PBXGroup;
			children = (
				C33DA2C12DC340650017E91F /* DBAsynchronousiOS */,
				C33DA2D82DC341DE0017E91F /* DBAsynchronousiOSTests */,
				C33DA2882DC33E220017E91F /* Products */,
			);
			sourceTree = "<group>";
		};
		C33DA2882DC33E220017E91F /* Products */ = {
			isa = PBXGroup;
			children = (
				C33DA2872DC33E220017E91F /* DBAsynchronousiOS.app */,
				C33DA29D2DC33E230017E91F /* DBAsynchronousiOSTests.xctest */,
				C33DA2A72DC33E230017E91F /* DBAsynchronousiOSUITests.xctest */,
			);
			name = Products;
			sourceTree = "<group>";
		};
		C33DA2C12DC340650017E91F /* DBAsynchronousiOS */ = {
			isa = PBXGroup;
			children = (
				C31ABCC52DCC1B4F00D103ED /* Domain */,
				C31ABCB62DCBF21200D103ED /* Infraestructure */,
				C33DA2DF2DC342D40017E91F /* Presentation */,
				C33DA2C72DC340680017E91F /* Project */,
				C31ABCC62DCC1B5A00D103ED /* Data */,
			);
			path = DBAsynchronousiOS;
			sourceTree = "<group>";
		};
		C33DA2C72DC340680017E91F /* Project */ = {
			isa = PBXGroup;
			children = (
				C33DA2BB2DC340650017E91F /* AppDelegate.swift */,
				C33DA2BC2DC340650017E91F /* Assets.xcassets */,
				C33DA2BD2DC340650017E91F /* Info.plist */,
				C33DA2BF2DC340650017E91F /* LaunchScreen.storyboard */,
				C33DA2C02DC340650017E91F /* SceneDelegate.swift */,
			);
			path = Project;
			sourceTree = "<group>";
		};
		C33DA2D82DC341DE0017E91F /* DBAsynchronousiOSTests */ = {
			isa = PBXGroup;
			children = (
				C33DA2D72DC341DE0017E91F /* DBAsynchronousiOSTests.swift */,
			);
			path = DBAsynchronousiOSTests;
			sourceTree = "<group>";
		};
		C33DA2DF2DC342D40017E91F /* Presentation */ = {
			isa = PBXGroup;
			children = (
				C31ABAB22DCA83B600D103ED /* Splash */,
				C31ABAB32DCA83F000D103ED /* Login */,
				C30636982DCD741C00C378B2 /* Heros */,
				C3E19F1A2DD2C92800D7D9A6 /* AppState.swift */,
				C30636A82DCDC55B00C378B2 /* UIImageView+Remote.swift */,
				C30636812DCD311C00C378B2 /* PresentationError.swift */,
				C31ABCCC2DCC665E00D103ED /* AlertBuilder.swift */,
				C31ABBB22DCADA8400D103ED /* RegexLint.swift */,
			);
			path = Presentation;
			sourceTree = "<group>";
		};
/* End PBXGroup section */

/* Begin PBXNativeTarget section */
		C33DA2862DC33E220017E91F /* DBAsynchronousiOS */ = {
			isa = PBXNativeTarget;
			buildConfigurationList = C33DA2B02DC33E230017E91F /* Build configuration list for PBXNativeTarget "DBAsynchronousiOS" */;
			buildPhases = (
				C33DA2832DC33E220017E91F /* Sources */,
				C33DA2842DC33E220017E91F /* Frameworks */,
				C33DA2852DC33E220017E91F /* Resources */,
			);
			buildRules = (
			);
			dependencies = (
			);
			name = DBAsynchronousiOS;
			packageProductDependencies = (
				C33DA2C92DC3412A0017E91F /* CombineCocoa */,
				C33DA2D52DC3415C0017E91F /* KeychainSwift */,
			);
			productName = DBAsynchronousiOS;
			productReference = C33DA2872DC33E220017E91F /* DBAsynchronousiOS.app */;
			productType = "com.apple.product-type.application";
		};
		C33DA29C2DC33E230017E91F /* DBAsynchronousiOSTests */ = {
			isa = PBXNativeTarget;
			buildConfigurationList = C33DA2B52DC33E230017E91F /* Build configuration list for PBXNativeTarget "DBAsynchronousiOSTests" */;
			buildPhases = (
				C33DA2992DC33E230017E91F /* Sources */,
				C33DA29A2DC33E230017E91F /* Frameworks */,
				C33DA29B2DC33E230017E91F /* Resources */,
			);
			buildRules = (
			);
			dependencies = (
				C33DA29F2DC33E230017E91F /* PBXTargetDependency */,
			);
			name = DBAsynchronousiOSTests;
			packageProductDependencies = (
			);
			productName = DBAsynchronousiOSTests;
			productReference = C33DA29D2DC33E230017E91F /* DBAsynchronousiOSTests.xctest */;
			productType = "com.apple.product-type.bundle.unit-test";
		};
		C33DA2A62DC33E230017E91F /* DBAsynchronousiOSUITests */ = {
			isa = PBXNativeTarget;
			buildConfigurationList = C33DA2B82DC33E230017E91F /* Build configuration list for PBXNativeTarget "DBAsynchronousiOSUITests" */;
			buildPhases = (
				C33DA2A32DC33E230017E91F /* Sources */,
				C33DA2A42DC33E230017E91F /* Frameworks */,
				C33DA2A52DC33E230017E91F /* Resources */,
			);
			buildRules = (
			);
			dependencies = (
				C33DA2A92DC33E230017E91F /* PBXTargetDependency */,
			);
			name = DBAsynchronousiOSUITests;
			packageProductDependencies = (
			);
			productName = DBAsynchronousiOSUITests;
			productReference = C33DA2A72DC33E230017E91F /* DBAsynchronousiOSUITests.xctest */;
			productType = "com.apple.product-type.bundle.ui-testing";
		};
/* End PBXNativeTarget section */

/* Begin PBXProject section */
		C33DA27F2DC33E220017E91F /* Project object */ = {
			isa = PBXProject;
			attributes = {
				BuildIndependentTargetsInParallel = 1;
				LastSwiftUpdateCheck = 1620;
				LastUpgradeCheck = 1620;
				TargetAttributes = {
					C33DA2862DC33E220017E91F = {
						CreatedOnToolsVersion = 16.2;
					};
					C33DA29C2DC33E230017E91F = {
						CreatedOnToolsVersion = 16.2;
						TestTargetID = C33DA2862DC33E220017E91F;
					};
					C33DA2A62DC33E230017E91F = {
						CreatedOnToolsVersion = 16.2;
						TestTargetID = C33DA2862DC33E220017E91F;
					};
				};
			};
			buildConfigurationList = C33DA2822DC33E220017E91F /* Build configuration list for PBXProject "DBAsynchronousiOS" */;
			developmentRegion = en;
			hasScannedForEncodings = 0;
			knownRegions = (
				en,
				Base,
			);
			mainGroup = C33DA27E2DC33E220017E91F;
			minimizedProjectReferenceProxies = 1;
			packageReferences = (
				C33DA2C82DC3412A0017E91F /* XCRemoteSwiftPackageReference "CombineCocoa" */,
				C33DA2D42DC3415C0017E91F /* XCRemoteSwiftPackageReference "keychain-swift" */,
			);
			preferredProjectObjectVersion = 77;
			productRefGroup = C33DA2882DC33E220017E91F /* Products */;
			projectDirPath = "";
			projectRoot = "";
			targets = (
				C33DA2862DC33E220017E91F /* DBAsynchronousiOS */,
				C33DA29C2DC33E230017E91F /* DBAsynchronousiOSTests */,
				C33DA2A62DC33E230017E91F /* DBAsynchronousiOSUITests */,
			);
		};
/* End PBXProject section */

/* Begin PBXResourcesBuildPhase section */
		C33DA2852DC33E220017E91F /* Resources */ = {
			isa = PBXResourcesBuildPhase;
			buildActionMask = 2147483647;
			files = (
				C33DA2C22DC340650017E91F /* Assets.xcassets in Resources */,
				C306369E2DCD744500C378B2 /* HerosView.xib in Resources */,
				C31ABAB72DCA840D00D103ED /* LoginView.xib in Resources */,
				C31ABA9D2DC9769A00D103ED /* SplashView.xib in Resources */,
				C30636A72DCD7D7500C378B2 /* HeroViewCell.xib in Resources */,
				C3F598E02DD855FB007BB98A /* TransformationViewCell.xib in Resources */,
				C30636AD2DCEC90900C378B2 /* HeroView.xib in Resources */,
				C33DA2C42DC340650017E91F /* LaunchScreen.storyboard in Resources */,
			);
			runOnlyForDeploymentPostprocessing = 0;
		};
		C33DA29B2DC33E230017E91F /* Resources */ = {
			isa = PBXResourcesBuildPhase;
			buildActionMask = 2147483647;
			files = (
			);
			runOnlyForDeploymentPostprocessing = 0;
		};
		C33DA2A52DC33E230017E91F /* Resources */ = {
			isa = PBXResourcesBuildPhase;
			buildActionMask = 2147483647;
			files = (
			);
			runOnlyForDeploymentPostprocessing = 0;
		};
/* End PBXResourcesBuildPhase section */

/* Begin PBXSourcesBuildPhase section */
		C33DA2832DC33E220017E91F /* Sources */ = {
			isa = PBXSourcesBuildPhase;
			buildActionMask = 2147483647;
			files = (
				C31ABA9C2DC9769A00D103ED /* SplashController.swift in Sources */,
				C31ABAB62DCA840D00D103ED /* LoginController.swift in Sources */,
				C30636842DCD316A00C378B2 /* GetSessionUseCase.swift in Sources */,
				C3E1A0152DD3015200D7D9A6 /* TransformationDTOToDomainMapper.swift in Sources */,
				C30636882DCD3F0F00C378B2 /* GetHerosURLRequest.swift in Sources */,
				C30636B02DCECA0100C378B2 /* HeroViewModel.swift in Sources */,
				C30636B22DCECA0E00C378B2 /* HeroBuilder.swift in Sources */,
				C33DA2C52DC340650017E91F /* AppDelegate.swift in Sources */,
				C306368B2DCD3F4700C378B2 /* HeroDTO.swift in Sources */,
				C3276EDC2DCED2D600FD2578 /* GetHeroUseCase.swift in Sources */,
				C33DA2C62DC340650017E91F /* SceneDelegate.swift in Sources */,
				C30636822DCD312200C378B2 /* PresentationError.swift in Sources */,
				C306368F2DCD6EB700C378B2 /* GetHerosUseCase.swift in Sources */,
				C30636AC2DCEC90900C378B2 /* HeroController.swift in Sources */,
				C306369D2DCD744500C378B2 /* HerosController.swift in Sources */,
				C3E1A0132DD3006100D7D9A6 /* Transformation.swift in Sources */,
				C30636942DCD704300C378B2 /* HerosRepository.swift in Sources */,
				C3F598E12DD855FB007BB98A /* TransformationViewCell.swift in Sources */,
				C31ABBB32DCADA8900D103ED /* RegexLint.swift in Sources */,
				C31ABCCD2DCC666200D103ED /* AlertBuilder.swift in Sources */,
				C31ABCC42DCC19DD00D103ED /* LoginURLRequest.swift in Sources */,
				C31ABAA12DC97ADB00D103ED /* SplashBuilder.swift in Sources */,
				C3F598DB2DD84F63007BB98A /* GetTransformationsUseCase.swift in Sources */,
				C306368D2DCD406D00C378B2 /* URLRequestInterceptor.swift in Sources */,
				C31ABABB2DCA845B00D103ED /* LoginBuilder.swift in Sources */,
				C31ABABF2DCA861500D103ED /* AuthDataSource.swift in Sources */,
				C30636A92DCDC56B00C378B2 /* UIImageView+Remote.swift in Sources */,
				C30636972DCD714100C378B2 /* HeroDTOToDomainMapper.swift in Sources */,
				C30636A62DCD7D7500C378B2 /* HeroViewCell.swift in Sources */,
				C31ABCC12DCBF69A00D103ED /* HTTPMethod.swift in Sources */,
				C31ABA9F2DC976DE00D103ED /* SplashViewModel.swift in Sources */,
				C30636A22DCD747E00C378B2 /* HerosBuilder.swift in Sources */,
				C31ABAB92DCA845000D103ED /* LoginViewModel.swift in Sources */,
				C31ABCB82DCBF22700D103ED /* APISession.swift in Sources */,
				C30636922DCD6FE700C378B2 /* Hero.swift in Sources */,
				C3E19F1D2DD2FF4100D7D9A6 /* GetTransformationsURLRequest.swift in Sources */,
				C3E19F1F2DD2FFAA00D7D9A6 /* TransformationDTO.swift in Sources */,
				C31ABCC92DCC1BD200D103ED /* AuthRepositoryProtocol.swift in Sources */,
				C31ABCBF2DCBF52000D103ED /* URLRequestComponents.swift in Sources */,
				C31ABCBB2DCBF3A700D103ED /* URLRequestBuilder.swift in Sources */,
				C31ABCBD2DCBF3F000D103ED /* APIError.swift in Sources */,
				C30636A02DCD747600C378B2 /* HerosViewModel.swift in Sources */,
				C3E19F1B2DD2C92E00D7D9A6 /* AppState.swift in Sources */,
				C30636862DCD3CD300C378B2 /* ClearSessionUseCase.swift in Sources */,
				C31ABCCB2DCC21B400D103ED /* LoginUseCase.swift in Sources */,
			);
			runOnlyForDeploymentPostprocessing = 0;
		};
		C33DA2992DC33E230017E91F /* Sources */ = {
			isa = PBXSourcesBuildPhase;
			buildActionMask = 2147483647;
			files = (
				C33DA2D92DC341DE0017E91F /* DBAsynchronousiOSTests.swift in Sources */,
			);
			runOnlyForDeploymentPostprocessing = 0;
		};
		C33DA2A32DC33E230017E91F /* Sources */ = {
			isa = PBXSourcesBuildPhase;
			buildActionMask = 2147483647;
			files = (
			);
			runOnlyForDeploymentPostprocessing = 0;
		};
/* End PBXSourcesBuildPhase section */

/* Begin PBXTargetDependency section */
		C33DA29F2DC33E230017E91F /* PBXTargetDependency */ = {
			isa = PBXTargetDependency;
			target = C33DA2862DC33E220017E91F /* DBAsynchronousiOS */;
			targetProxy = C33DA29E2DC33E230017E91F /* PBXContainerItemProxy */;
		};
		C33DA2A92DC33E230017E91F /* PBXTargetDependency */ = {
			isa = PBXTargetDependency;
			target = C33DA2862DC33E220017E91F /* DBAsynchronousiOS */;
			targetProxy = C33DA2A82DC33E230017E91F /* PBXContainerItemProxy */;
		};
/* End PBXTargetDependency section */

/* Begin PBXVariantGroup section */
		C33DA2BF2DC340650017E91F /* LaunchScreen.storyboard */ = {
			isa = PBXVariantGroup;
			children = (
				C33DA2BE2DC340650017E91F /* Base */,
			);
			name = LaunchScreen.storyboard;
			sourceTree = "<group>";
		};
/* End PBXVariantGroup section */

/* Begin XCBuildConfiguration section */
		C33DA2B12DC33E230017E91F /* Debug */ = {
			isa = XCBuildConfiguration;
			buildSettings = {
				ASSETCATALOG_COMPILER_APPICON_NAME = AppIcon;
				ASSETCATALOG_COMPILER_GLOBAL_ACCENT_COLOR_NAME = AccentColor;
				CODE_SIGN_STYLE = Automatic;
				CURRENT_PROJECT_VERSION = 1;
				DEVELOPMENT_TEAM = WT5C6TTJP5;
				GENERATE_INFOPLIST_FILE = YES;
				INFOPLIST_FILE = DBAsynchronousiOS/Project/Info.plist;
				INFOPLIST_KEY_UIApplicationSupportsIndirectInputEvents = YES;
				INFOPLIST_KEY_UILaunchStoryboardName = LaunchScreen;
				INFOPLIST_KEY_UISupportedInterfaceOrientations_iPad = "UIInterfaceOrientationPortrait UIInterfaceOrientationPortraitUpsideDown UIInterfaceOrientationLandscapeLeft UIInterfaceOrientationLandscapeRight";
				INFOPLIST_KEY_UISupportedInterfaceOrientations_iPhone = "UIInterfaceOrientationPortrait UIInterfaceOrientationLandscapeLeft UIInterfaceOrientationLandscapeRight";
				LD_RUNPATH_SEARCH_PATHS = (
					"$(inherited)",
					"@executable_path/Frameworks",
				);
				MARKETING_VERSION = 1.0;
				PRODUCT_BUNDLE_IDENTIFIER = com.github.anagumo.DBAsynchronousiOS;
				PRODUCT_NAME = "$(TARGET_NAME)";
				SUPPORTED_PLATFORMS = "iphoneos iphonesimulator";
				SUPPORTS_MACCATALYST = NO;
				SUPPORTS_MAC_DESIGNED_FOR_IPHONE_IPAD = NO;
				SUPPORTS_XR_DESIGNED_FOR_IPHONE_IPAD = NO;
				SWIFT_EMIT_LOC_STRINGS = YES;
				SWIFT_VERSION = 5.0;
				TARGETED_DEVICE_FAMILY = 1;
			};
			name = Debug;
		};
		C33DA2B22DC33E230017E91F /* Release */ = {
			isa = XCBuildConfiguration;
			buildSettings = {
				ASSETCATALOG_COMPILER_APPICON_NAME = AppIcon;
				ASSETCATALOG_COMPILER_GLOBAL_ACCENT_COLOR_NAME = AccentColor;
				CODE_SIGN_STYLE = Automatic;
				CURRENT_PROJECT_VERSION = 1;
				DEVELOPMENT_TEAM = WT5C6TTJP5;
				GENERATE_INFOPLIST_FILE = YES;
				INFOPLIST_FILE = DBAsynchronousiOS/Project/Info.plist;
				INFOPLIST_KEY_UIApplicationSupportsIndirectInputEvents = YES;
				INFOPLIST_KEY_UILaunchStoryboardName = LaunchScreen;
				INFOPLIST_KEY_UISupportedInterfaceOrientations_iPad = "UIInterfaceOrientationPortrait UIInterfaceOrientationPortraitUpsideDown UIInterfaceOrientationLandscapeLeft UIInterfaceOrientationLandscapeRight";
				INFOPLIST_KEY_UISupportedInterfaceOrientations_iPhone = "UIInterfaceOrientationPortrait UIInterfaceOrientationLandscapeLeft UIInterfaceOrientationLandscapeRight";
				LD_RUNPATH_SEARCH_PATHS = (
					"$(inherited)",
					"@executable_path/Frameworks",
				);
				MARKETING_VERSION = 1.0;
				PRODUCT_BUNDLE_IDENTIFIER = com.github.anagumo.DBAsynchronousiOS;
				PRODUCT_NAME = "$(TARGET_NAME)";
				SUPPORTED_PLATFORMS = "iphoneos iphonesimulator";
				SUPPORTS_MACCATALYST = NO;
				SUPPORTS_MAC_DESIGNED_FOR_IPHONE_IPAD = NO;
				SUPPORTS_XR_DESIGNED_FOR_IPHONE_IPAD = NO;
				SWIFT_EMIT_LOC_STRINGS = YES;
				SWIFT_VERSION = 5.0;
				TARGETED_DEVICE_FAMILY = 1;
			};
			name = Release;
		};
		C33DA2B32DC33E230017E91F /* Debug */ = {
			isa = XCBuildConfiguration;
			buildSettings = {
				ALWAYS_SEARCH_USER_PATHS = NO;
				ASSETCATALOG_COMPILER_GENERATE_SWIFT_ASSET_SYMBOL_EXTENSIONS = YES;
				CLANG_ANALYZER_NONNULL = YES;
				CLANG_ANALYZER_NUMBER_OBJECT_CONVERSION = YES_AGGRESSIVE;
				CLANG_CXX_LANGUAGE_STANDARD = "gnu++20";
				CLANG_ENABLE_MODULES = YES;
				CLANG_ENABLE_OBJC_ARC = YES;
				CLANG_ENABLE_OBJC_WEAK = YES;
				CLANG_WARN_BLOCK_CAPTURE_AUTORELEASING = YES;
				CLANG_WARN_BOOL_CONVERSION = YES;
				CLANG_WARN_COMMA = YES;
				CLANG_WARN_CONSTANT_CONVERSION = YES;
				CLANG_WARN_DEPRECATED_OBJC_IMPLEMENTATIONS = YES;
				CLANG_WARN_DIRECT_OBJC_ISA_USAGE = YES_ERROR;
				CLANG_WARN_DOCUMENTATION_COMMENTS = YES;
				CLANG_WARN_EMPTY_BODY = YES;
				CLANG_WARN_ENUM_CONVERSION = YES;
				CLANG_WARN_INFINITE_RECURSION = YES;
				CLANG_WARN_INT_CONVERSION = YES;
				CLANG_WARN_NON_LITERAL_NULL_CONVERSION = YES;
				CLANG_WARN_OBJC_IMPLICIT_RETAIN_SELF = YES;
				CLANG_WARN_OBJC_LITERAL_CONVERSION = YES;
				CLANG_WARN_OBJC_ROOT_CLASS = YES_ERROR;
				CLANG_WARN_QUOTED_INCLUDE_IN_FRAMEWORK_HEADER = YES;
				CLANG_WARN_RANGE_LOOP_ANALYSIS = YES;
				CLANG_WARN_STRICT_PROTOTYPES = YES;
				CLANG_WARN_SUSPICIOUS_MOVE = YES;
				CLANG_WARN_UNGUARDED_AVAILABILITY = YES_AGGRESSIVE;
				CLANG_WARN_UNREACHABLE_CODE = YES;
				CLANG_WARN__DUPLICATE_METHOD_MATCH = YES;
				COPY_PHASE_STRIP = NO;
				DEBUG_INFORMATION_FORMAT = dwarf;
				ENABLE_STRICT_OBJC_MSGSEND = YES;
				ENABLE_TESTABILITY = YES;
				ENABLE_USER_SCRIPT_SANDBOXING = YES;
				GCC_C_LANGUAGE_STANDARD = gnu17;
				GCC_DYNAMIC_NO_PIC = NO;
				GCC_NO_COMMON_BLOCKS = YES;
				GCC_OPTIMIZATION_LEVEL = 0;
				GCC_PREPROCESSOR_DEFINITIONS = (
					"DEBUG=1",
					"$(inherited)",
				);
				GCC_WARN_64_TO_32_BIT_CONVERSION = YES;
				GCC_WARN_ABOUT_RETURN_TYPE = YES_ERROR;
				GCC_WARN_UNDECLARED_SELECTOR = YES;
				GCC_WARN_UNINITIALIZED_AUTOS = YES_AGGRESSIVE;
				GCC_WARN_UNUSED_FUNCTION = YES;
				GCC_WARN_UNUSED_VARIABLE = YES;
				IPHONEOS_DEPLOYMENT_TARGET = 18.2;
				LOCALIZATION_PREFERS_STRING_CATALOGS = YES;
				MTL_ENABLE_DEBUG_INFO = INCLUDE_SOURCE;
				MTL_FAST_MATH = YES;
				ONLY_ACTIVE_ARCH = YES;
				SDKROOT = iphoneos;
				SWIFT_ACTIVE_COMPILATION_CONDITIONS = "DEBUG $(inherited)";
				SWIFT_OPTIMIZATION_LEVEL = "-Onone";
			};
			name = Debug;
		};
		C33DA2B42DC33E230017E91F /* Release */ = {
			isa = XCBuildConfiguration;
			buildSettings = {
				ALWAYS_SEARCH_USER_PATHS = NO;
				ASSETCATALOG_COMPILER_GENERATE_SWIFT_ASSET_SYMBOL_EXTENSIONS = YES;
				CLANG_ANALYZER_NONNULL = YES;
				CLANG_ANALYZER_NUMBER_OBJECT_CONVERSION = YES_AGGRESSIVE;
				CLANG_CXX_LANGUAGE_STANDARD = "gnu++20";
				CLANG_ENABLE_MODULES = YES;
				CLANG_ENABLE_OBJC_ARC = YES;
				CLANG_ENABLE_OBJC_WEAK = YES;
				CLANG_WARN_BLOCK_CAPTURE_AUTORELEASING = YES;
				CLANG_WARN_BOOL_CONVERSION = YES;
				CLANG_WARN_COMMA = YES;
				CLANG_WARN_CONSTANT_CONVERSION = YES;
				CLANG_WARN_DEPRECATED_OBJC_IMPLEMENTATIONS = YES;
				CLANG_WARN_DIRECT_OBJC_ISA_USAGE = YES_ERROR;
				CLANG_WARN_DOCUMENTATION_COMMENTS = YES;
				CLANG_WARN_EMPTY_BODY = YES;
				CLANG_WARN_ENUM_CONVERSION = YES;
				CLANG_WARN_INFINITE_RECURSION = YES;
				CLANG_WARN_INT_CONVERSION = YES;
				CLANG_WARN_NON_LITERAL_NULL_CONVERSION = YES;
				CLANG_WARN_OBJC_IMPLICIT_RETAIN_SELF = YES;
				CLANG_WARN_OBJC_LITERAL_CONVERSION = YES;
				CLANG_WARN_OBJC_ROOT_CLASS = YES_ERROR;
				CLANG_WARN_QUOTED_INCLUDE_IN_FRAMEWORK_HEADER = YES;
				CLANG_WARN_RANGE_LOOP_ANALYSIS = YES;
				CLANG_WARN_STRICT_PROTOTYPES = YES;
				CLANG_WARN_SUSPICIOUS_MOVE = YES;
				CLANG_WARN_UNGUARDED_AVAILABILITY = YES_AGGRESSIVE;
				CLANG_WARN_UNREACHABLE_CODE = YES;
				CLANG_WARN__DUPLICATE_METHOD_MATCH = YES;
				COPY_PHASE_STRIP = NO;
				DEBUG_INFORMATION_FORMAT = "dwarf-with-dsym";
				ENABLE_NS_ASSERTIONS = NO;
				ENABLE_STRICT_OBJC_MSGSEND = YES;
				ENABLE_USER_SCRIPT_SANDBOXING = YES;
				GCC_C_LANGUAGE_STANDARD = gnu17;
				GCC_NO_COMMON_BLOCKS = YES;
				GCC_WARN_64_TO_32_BIT_CONVERSION = YES;
				GCC_WARN_ABOUT_RETURN_TYPE = YES_ERROR;
				GCC_WARN_UNDECLARED_SELECTOR = YES;
				GCC_WARN_UNINITIALIZED_AUTOS = YES_AGGRESSIVE;
				GCC_WARN_UNUSED_FUNCTION = YES;
				GCC_WARN_UNUSED_VARIABLE = YES;
				IPHONEOS_DEPLOYMENT_TARGET = 18.2;
				LOCALIZATION_PREFERS_STRING_CATALOGS = YES;
				MTL_ENABLE_DEBUG_INFO = NO;
				MTL_FAST_MATH = YES;
				SDKROOT = iphoneos;
				SWIFT_COMPILATION_MODE = wholemodule;
				VALIDATE_PRODUCT = YES;
			};
			name = Release;
		};
		C33DA2B62DC33E230017E91F /* Debug */ = {
			isa = XCBuildConfiguration;
			buildSettings = {
				BUNDLE_LOADER = "$(TEST_HOST)";
				CODE_SIGN_STYLE = Automatic;
				CURRENT_PROJECT_VERSION = 1;
				DEVELOPMENT_TEAM = WT5C6TTJP5;
				GENERATE_INFOPLIST_FILE = YES;
				IPHONEOS_DEPLOYMENT_TARGET = 18.2;
				MARKETING_VERSION = 1.0;
				PRODUCT_BUNDLE_IDENTIFIER = com.github.anagumo.DBAsynchronousiOSTests;
				PRODUCT_NAME = "$(TARGET_NAME)";
				SWIFT_EMIT_LOC_STRINGS = NO;
				SWIFT_VERSION = 5.0;
				TARGETED_DEVICE_FAMILY = "1,2";
				TEST_HOST = "$(BUILT_PRODUCTS_DIR)/DBAsynchronousiOS.app/$(BUNDLE_EXECUTABLE_FOLDER_PATH)/DBAsynchronousiOS";
			};
			name = Debug;
		};
		C33DA2B72DC33E230017E91F /* Release */ = {
			isa = XCBuildConfiguration;
			buildSettings = {
				BUNDLE_LOADER = "$(TEST_HOST)";
				CODE_SIGN_STYLE = Automatic;
				CURRENT_PROJECT_VERSION = 1;
				DEVELOPMENT_TEAM = WT5C6TTJP5;
				GENERATE_INFOPLIST_FILE = YES;
				IPHONEOS_DEPLOYMENT_TARGET = 18.2;
				MARKETING_VERSION = 1.0;
				PRODUCT_BUNDLE_IDENTIFIER = com.github.anagumo.DBAsynchronousiOSTests;
				PRODUCT_NAME = "$(TARGET_NAME)";
				SWIFT_EMIT_LOC_STRINGS = NO;
				SWIFT_VERSION = 5.0;
				TARGETED_DEVICE_FAMILY = "1,2";
				TEST_HOST = "$(BUILT_PRODUCTS_DIR)/DBAsynchronousiOS.app/$(BUNDLE_EXECUTABLE_FOLDER_PATH)/DBAsynchronousiOS";
			};
			name = Release;
		};
		C33DA2B92DC33E230017E91F /* Debug */ = {
			isa = XCBuildConfiguration;
			buildSettings = {
				CODE_SIGN_STYLE = Automatic;
				CURRENT_PROJECT_VERSION = 1;
				DEVELOPMENT_TEAM = WT5C6TTJP5;
				GENERATE_INFOPLIST_FILE = YES;
				MARKETING_VERSION = 1.0;
				PRODUCT_BUNDLE_IDENTIFIER = com.github.anagumo.DBAsynchronousiOSUITests;
				PRODUCT_NAME = "$(TARGET_NAME)";
				SWIFT_EMIT_LOC_STRINGS = NO;
				SWIFT_VERSION = 5.0;
				TARGETED_DEVICE_FAMILY = "1,2";
				TEST_TARGET_NAME = DBAsynchronousiOS;
			};
			name = Debug;
		};
		C33DA2BA2DC33E230017E91F /* Release */ = {
			isa = XCBuildConfiguration;
			buildSettings = {
				CODE_SIGN_STYLE = Automatic;
				CURRENT_PROJECT_VERSION = 1;
				DEVELOPMENT_TEAM = WT5C6TTJP5;
				GENERATE_INFOPLIST_FILE = YES;
				MARKETING_VERSION = 1.0;
				PRODUCT_BUNDLE_IDENTIFIER = com.github.anagumo.DBAsynchronousiOSUITests;
				PRODUCT_NAME = "$(TARGET_NAME)";
				SWIFT_EMIT_LOC_STRINGS = NO;
				SWIFT_VERSION = 5.0;
				TARGETED_DEVICE_FAMILY = "1,2";
				TEST_TARGET_NAME = DBAsynchronousiOS;
			};
			name = Release;
		};
/* End XCBuildConfiguration section */

/* Begin XCConfigurationList section */
		C33DA2822DC33E220017E91F /* Build configuration list for PBXProject "DBAsynchronousiOS" */ = {
			isa = XCConfigurationList;
			buildConfigurations = (
				C33DA2B32DC33E230017E91F /* Debug */,
				C33DA2B42DC33E230017E91F /* Release */,
			);
			defaultConfigurationIsVisible = 0;
			defaultConfigurationName = Release;
		};
		C33DA2B02DC33E230017E91F /* Build configuration list for PBXNativeTarget "DBAsynchronousiOS" */ = {
			isa = XCConfigurationList;
			buildConfigurations = (
				C33DA2B12DC33E230017E91F /* Debug */,
				C33DA2B22DC33E230017E91F /* Release */,
			);
			defaultConfigurationIsVisible = 0;
			defaultConfigurationName = Release;
		};
		C33DA2B52DC33E230017E91F /* Build configuration list for PBXNativeTarget "DBAsynchronousiOSTests" */ = {
			isa = XCConfigurationList;
			buildConfigurations = (
				C33DA2B62DC33E230017E91F /* Debug */,
				C33DA2B72DC33E230017E91F /* Release */,
			);
			defaultConfigurationIsVisible = 0;
			defaultConfigurationName = Release;
		};
		C33DA2B82DC33E230017E91F /* Build configuration list for PBXNativeTarget "DBAsynchronousiOSUITests" */ = {
			isa = XCConfigurationList;
			buildConfigurations = (
				C33DA2B92DC33E230017E91F /* Debug */,
				C33DA2BA2DC33E230017E91F /* Release */,
			);
			defaultConfigurationIsVisible = 0;
			defaultConfigurationName = Release;
		};
/* End XCConfigurationList section */

/* Begin XCRemoteSwiftPackageReference section */
		C33DA2C82DC3412A0017E91F /* XCRemoteSwiftPackageReference "CombineCocoa" */ = {
			isa = XCRemoteSwiftPackageReference;
			repositoryURL = "https://github.com/CombineCommunity/CombineCocoa.git";
			requirement = {
				kind = upToNextMajorVersion;
				minimumVersion = 0.4.1;
			};
		};
		C33DA2D42DC3415C0017E91F /* XCRemoteSwiftPackageReference "keychain-swift" */ = {
			isa = XCRemoteSwiftPackageReference;
			repositoryURL = "https://github.com/evgenyneu/keychain-swift.git";
			requirement = {
				kind = upToNextMajorVersion;
				minimumVersion = 24.0.0;
			};
		};
/* End XCRemoteSwiftPackageReference section */

/* Begin XCSwiftPackageProductDependency section */
		C33DA2C92DC3412A0017E91F /* CombineCocoa */ = {
			isa = XCSwiftPackageProductDependency;
			package = C33DA2C82DC3412A0017E91F /* XCRemoteSwiftPackageReference "CombineCocoa" */;
			productName = CombineCocoa;
		};
		C33DA2D52DC3415C0017E91F /* KeychainSwift */ = {
			isa = XCSwiftPackageProductDependency;
			package = C33DA2D42DC3415C0017E91F /* XCRemoteSwiftPackageReference "keychain-swift" */;
			productName = KeychainSwift;
		};
/* End XCSwiftPackageProductDependency section */
	};
	rootObject = C33DA27F2DC33E220017E91F /* Project object */;
}
